// !$*UTF8*$!
{
	archiveVersion = 1;
	classes = {
	};
	objectVersion = 46;
	objects = {

/* Begin PBXBuildFile section */
		507898461B5B76B3000A120E /* AppDelegate.swift in Sources */ = {isa = PBXBuildFile; fileRef = 507898451B5B76B3000A120E /* AppDelegate.swift */; };
		507898481B5B76B3000A120E /* ViewController.swift in Sources */ = {isa = PBXBuildFile; fileRef = 507898471B5B76B3000A120E /* ViewController.swift */; };
		5078984B1B5B76B3000A120E /* Main.storyboard in Resources */ = {isa = PBXBuildFile; fileRef = 507898491B5B76B3000A120E /* Main.storyboard */; };
		5078984D1B5B76B3000A120E /* Images.xcassets in Resources */ = {isa = PBXBuildFile; fileRef = 5078984C1B5B76B3000A120E /* Images.xcassets */; };
		507898501B5B76B4000A120E /* LaunchScreen.xib in Resources */ = {isa = PBXBuildFile; fileRef = 5078984E1B5B76B4000A120E /* LaunchScreen.xib */; };
		5078985C1B5B76B4000A120E /* CustomWidgetTests.swift in Sources */ = {isa = PBXBuildFile; fileRef = 5078985B1B5B76B4000A120E /* CustomWidgetTests.swift */; };
		507898661B5B76C9000A120E /* Widget.swift in Sources */ = {isa = PBXBuildFile; fileRef = 507898651B5B76C9000A120E /* Widget.swift */; };
		507898681B5B76D7000A120E /* Widget.xib in Resources */ = {isa = PBXBuildFile; fileRef = 507898671B5B76D7000A120E /* Widget.xib */; };
/* End PBXBuildFile section */

/* Begin PBXContainerItemProxy section */
		507898561B5B76B4000A120E /* PBXContainerItemProxy */ = {
			isa = PBXContainerItemProxy;
			containerPortal = 507898381B5B76B3000A120E /* Project object */;
			proxyType = 1;
			remoteGlobalIDString = 5078983F1B5B76B3000A120E;
			remoteInfo = CustomWidget;
		};
/* End PBXContainerItemProxy section */

/* Begin PBXFileReference section */
		507898401B5B76B3000A120E /* CustomWidget.app */ = {isa = PBXFileReference; explicitFileType = wrapper.application; includeInIndex = 0; path = CustomWidget.app; sourceTree = BUILT_PRODUCTS_DIR; };
		507898441B5B76B3000A120E /* Info.plist */ = {isa = PBXFileReference; lastKnownFileType = text.plist.xml; path = Info.plist; sourceTree = "<group>"; };
		507898451B5B76B3000A120E /* AppDelegate.swift */ = {isa = PBXFileReference; lastKnownFileType = sourcecode.swift; path = AppDelegate.swift; sourceTree = "<group>"; };
		507898471B5B76B3000A120E /* ViewController.swift */ = {isa = PBXFileReference; lastKnownFileType = sourcecode.swift; path = ViewController.swift; sourceTree = "<group>"; };
		5078984A1B5B76B3000A120E /* Base */ = {isa = PBXFileReference; lastKnownFileType = file.storyboard; name = Base; path = Base.lproj/Main.storyboard; sourceTree = "<group>"; };
		5078984C1B5B76B3000A120E /* Images.xcassets */ = {isa = PBXFileReference; lastKnownFileType = folder.assetcatalog; path = Images.xcassets; sourceTree = "<group>"; };
		5078984F1B5B76B4000A120E /* Base */ = {isa = PBXFileReference; lastKnownFileType = file.xib; name = Base; path = Base.lproj/LaunchScreen.xib; sourceTree = "<group>"; };
		507898551B5B76B4000A120E /* CustomWidgetTests.xctest */ = {isa = PBXFileReference; explicitFileType = wrapper.cfbundle; includeInIndex = 0; path = CustomWidgetTests.xctest; sourceTree = BUILT_PRODUCTS_DIR; };
		5078985A1B5B76B4000A120E /* Info.plist */ = {isa = PBXFileReference; lastKnownFileType = text.plist.xml; path = Info.plist; sourceTree = "<group>"; };
		5078985B1B5B76B4000A120E /* CustomWidgetTests.swift */ = {isa = PBXFileReference; lastKnownFileType = sourcecode.swift; path = CustomWidgetTests.swift; sourceTree = "<group>"; };
		507898651B5B76C9000A120E /* Widget.swift */ = {isa = PBXFileReference; fileEncoding = 4; lastKnownFileType = sourcecode.swift; path = Widget.swift; sourceTree = "<group>"; };
		507898671B5B76D7000A120E /* Widget.xib */ = {isa = PBXFileReference; fileEncoding = 4; lastKnownFileType = file.xib; path = Widget.xib; sourceTree = "<group>"; };
/* End PBXFileReference section */

/* Begin PBXFrameworksBuildPhase section */
		5078983D1B5B76B3000A120E /* Frameworks */ = {
			isa = PBXFrameworksBuildPhase;
			buildActionMask = 2147483647;
			files = (
			);
			runOnlyForDeploymentPostprocessing = 0;
		};
		507898521B5B76B4000A120E /* Frameworks */ = {
			isa = PBXFrameworksBuildPhase;
			buildActionMask = 2147483647;
			files = (
			);
			runOnlyForDeploymentPostprocessing = 0;
		};
/* End PBXFrameworksBuildPhase section */

/* Begin PBXGroup section */
		507898371B5B76B3000A120E = {
			isa = PBXGroup;
			children = (
				507898421B5B76B3000A120E /* CustomWidget */,
				507898581B5B76B4000A120E /* CustomWidgetTests */,
				507898411B5B76B3000A120E /* Products */,
			);
			sourceTree = "<group>";
		};
		507898411B5B76B3000A120E /* Products */ = {
			isa = PBXGroup;
			children = (
				507898401B5B76B3000A120E /* CustomWidget.app */,
				507898551B5B76B4000A120E /* CustomWidgetTests.xctest */,
			);
			name = Products;
			sourceTree = "<group>";
		};
		507898421B5B76B3000A120E /* CustomWidget */ = {
			isa = PBXGroup;
			children = (
				507898451B5B76B3000A120E /* AppDelegate.swift */,
				507898471B5B76B3000A120E /* ViewController.swift */,
				507898651B5B76C9000A120E /* Widget.swift */,
				507898671B5B76D7000A120E /* Widget.xib */,
				507898491B5B76B3000A120E /* Main.storyboard */,
				5078984C1B5B76B3000A120E /* Images.xcassets */,
				5078984E1B5B76B4000A120E /* LaunchScreen.xib */,
				507898431B5B76B3000A120E /* Supporting Files */,
			);
			path = CustomWidget;
			sourceTree = "<group>";
		};
		507898431B5B76B3000A120E /* Supporting Files */ = {
			isa = PBXGroup;
			children = (
				507898441B5B76B3000A120E /* Info.plist */,
			);
			name = "Supporting Files";
			sourceTree = "<group>";
		};
		507898581B5B76B4000A120E /* CustomWidgetTests */ = {
			isa = PBXGroup;
			children = (
				5078985B1B5B76B4000A120E /* CustomWidgetTests.swift */,
				507898591B5B76B4000A120E /* Supporting Files */,
			);
			path = CustomWidgetTests;
			sourceTree = "<group>";
		};
		507898591B5B76B4000A120E /* Supporting Files */ = {
			isa = PBXGroup;
			children = (
				5078985A1B5B76B4000A120E /* Info.plist */,
			);
			name = "Supporting Files";
			sourceTree = "<group>";
		};
/* End PBXGroup section */

/* Begin PBXNativeTarget section */
		5078983F1B5B76B3000A120E /* CustomWidget */ = {
			isa = PBXNativeTarget;
			buildConfigurationList = 5078985F1B5B76B4000A120E /* Build configuration list for PBXNativeTarget "CustomWidget" */;
			buildPhases = (
				5078983C1B5B76B3000A120E /* Sources */,
				5078983D1B5B76B3000A120E /* Frameworks */,
				5078983E1B5B76B3000A120E /* Resources */,
			);
			buildRules = (
			);
			dependencies = (
			);
			name = CustomWidget;
			productName = CustomWidget;
			productReference = 507898401B5B76B3000A120E /* CustomWidget.app */;
			productType = "com.apple.product-type.application";
		};
		507898541B5B76B4000A120E /* CustomWidgetTests */ = {
			isa = PBXNativeTarget;
			buildConfigurationList = 507898621B5B76B4000A120E /* Build configuration list for PBXNativeTarget "CustomWidgetTests" */;
			buildPhases = (
				507898511B5B76B4000A120E /* Sources */,
				507898521B5B76B4000A120E /* Frameworks */,
				507898531B5B76B4000A120E /* Resources */,
			);
			buildRules = (
			);
			dependencies = (
				507898571B5B76B4000A120E /* PBXTargetDependency */,
			);
			name = CustomWidgetTests;
			productName = CustomWidgetTests;
			productReference = 507898551B5B76B4000A120E /* CustomWidgetTests.xctest */;
			productType = "com.apple.product-type.bundle.unit-test";
		};
/* End PBXNativeTarget section */

/* Begin PBXProject section */
		507898381B5B76B3000A120E /* Project object */ = {
			isa = PBXProject;
			attributes = {
				LastUpgradeCheck = 0630;
				ORGANIZATIONNAME = qingjiezhao;
				TargetAttributes = {
					5078983F1B5B76B3000A120E = {
						CreatedOnToolsVersion = 6.3.1;
					};
					507898541B5B76B4000A120E = {
						CreatedOnToolsVersion = 6.3.1;
						TestTargetID = 5078983F1B5B76B3000A120E;
					};
				};
			};
			buildConfigurationList = 5078983B1B5B76B3000A120E /* Build configuration list for PBXProject "CustomWidget" */;
			compatibilityVersion = "Xcode 3.2";
			developmentRegion = English;
			hasScannedForEncodings = 0;
			knownRegions = (
				en,
				Base,
			);
			mainGroup = 507898371B5B76B3000A120E;
			productRefGroup = 507898411B5B76B3000A120E /* Products */;
			projectDirPath = "";
			projectRoot = "";
			targets = (
				5078983F1B5B76B3000A120E /* CustomWidget */,
				507898541B5B76B4000A120E /* CustomWidgetTests */,
			);
		};
/* End PBXProject section */

/* Begin PBXResourcesBuildPhase section */
		5078983E1B5B76B3000A120E /* Resources */ = {
			isa = PBXResourcesBuildPhase;
			buildActionMask = 2147483647;
			files = (
				5078984B1B5B76B3000A120E /* Main.storyboard in Resources */,
				507898501B5B76B4000A120E /* LaunchScreen.xib in Resources */,
				5078984D1B5B76B3000A120E /* Images.xcassets in Resources */,
				507898681B5B76D7000A120E /* Widget.xib in Resources */,
			);
			runOnlyForDeploymentPostprocessing = 0;
		};
		507898531B5B76B4000A120E /* Resources */ = {
			isa = PBXResourcesBuildPhase;
			buildActionMask = 2147483647;
			files = (
			);
			runOnlyForDeploymentPostprocessing = 0;
		};
/* End PBXResourcesBuildPhase section */

/* Begin PBXSourcesBuildPhase section */
		5078983C1B5B76B3000A120E /* Sources */ = {
			isa = PBXSourcesBuildPhase;
			buildActionMask = 2147483647;
			files = (
				507898481B5B76B3000A120E /* ViewController.swift in Sources */,
				507898461B5B76B3000A120E /* AppDelegate.swift in Sources */,
				507898661B5B76C9000A120E /* Widget.swift in Sources */,
			);
			runOnlyForDeploymentPostprocessing = 0;
		};
		507898511B5B76B4000A120E /* Sources */ = {
			isa = PBXSourcesBuildPhase;
			buildActionMask = 2147483647;
			files = (
				5078985C1B5B76B4000A120E /* CustomWidgetTests.swift in Sources */,
			);
			runOnlyForDeploymentPostprocessing = 0;
		};
/* End PBXSourcesBuildPhase section */

/* Begin PBXTargetDependency section */
		507898571B5B76B4000A120E /* PBXTargetDependency */ = {
			isa = PBXTargetDependency;
			target = 5078983F1B5B76B3000A120E /* CustomWidget */;
			targetProxy = 507898561B5B76B4000A120E /* PBXContainerItemProxy */;
		};
/* End PBXTargetDependency section */

/* Begin PBXVariantGroup section */
		507898491B5B76B3000A120E /* Main.storyboard */ = {
			isa = PBXVariantGroup;
			children = (
				5078984A1B5B76B3000A120E /* Base */,
			);
			name = Main.storyboard;
			sourceTree = "<group>";
		};
		5078984E1B5B76B4000A120E /* LaunchScreen.xib */ = {
			isa = PBXVariantGroup;
			children = (
				5078984F1B5B76B4000A120E /* Base */,
			);
			name = LaunchScreen.xib;
			sourceTree = "<group>";
		};
/* End PBXVariantGroup section */

/* Begin XCBuildConfiguration section */
		5078985D1B5B76B4000A120E /* Debug */ = {
			isa = XCBuildConfiguration;
			buildSettings = {
				ALWAYS_SEARCH_USER_PATHS = NO;
				CLANG_CXX_LANGUAGE_STANDARD = "gnu++0x";
				CLANG_CXX_LIBRARY = "libc++";
				CLANG_ENABLE_MODULES = YES;
				CLANG_ENABLE_OBJC_ARC = YES;
				CLANG_WARN_BOOL_CONVERSION = YES;
				CLANG_WARN_CONSTANT_CONVERSION = YES;
				CLANG_WARN_DIRECT_OBJC_ISA_USAGE = YES_ERROR;
				CLANG_WARN_EMPTY_BODY = YES;
				CLANG_WARN_ENUM_CONVERSION = YES;
				CLANG_WARN_INT_CONVERSION = YES;
				CLANG_WARN_OBJC_ROOT_CLASS = YES_ERROR;
				CLANG_WARN_UNREACHABLE_CODE = YES;
				CLANG_WARN__DUPLICATE_METHOD_MATCH = YES;
				"CODE_SIGN_IDENTITY[sdk=iphoneos*]" = "iPhone Developer";
				COPY_PHASE_STRIP = NO;
				DEBUG_INFORMATION_FORMAT = "dwarf-with-dsym";
				ENABLE_STRICT_OBJC_MSGSEND = YES;
				GCC_C_LANGUAGE_STANDARD = gnu99;
				GCC_DYNAMIC_NO_PIC = NO;
				GCC_NO_COMMON_BLOCKS = YES;
				GCC_OPTIMIZATION_LEVEL = 0;
				GCC_PREPROCESSOR_DEFINITIONS = (
					"DEBUG=1",
					"$(inherited)",
				);
				GCC_SYMBOLS_PRIVATE_EXTERN = NO;
				GCC_WARN_64_TO_32_BIT_CONVERSION = YES;
				GCC_WARN_ABOUT_RETURN_TYPE = YES_ERROR;
				GCC_WARN_UNDECLARED_SELECTOR = YES;
				GCC_WARN_UNINITIALIZED_AUTOS = YES_AGGRESSIVE;
				GCC_WARN_UNUSED_FUNCTION = YES;
				GCC_WARN_UNUSED_VARIABLE = YES;
				IPHONEOS_DEPLOYMENT_TARGET = 8.3;
				MTL_ENABLE_DEBUG_INFO = YES;
				ONLY_ACTIVE_ARCH = YES;
				SDKROOT = iphoneos;
				SWIFT_OPTIMIZATION_LEVEL = "-Onone";
			};
			name = Debug;
		};
		5078985E1B5B76B4000A120E /* Release */ = {
			isa = XCBuildConfiguration;
			buildSettings = {
				ALWAYS_SEARCH_USER_PATHS = NO;
				CLANG_CXX_LANGUAGE_STANDARD = "gnu++0x";
				CLANG_CXX_LIBRARY = "libc++";
				CLANG_ENABLE_MODULES = YES;
				CLANG_ENABLE_OBJC_ARC = YES;
				CLANG_WARN_BOOL_CONVERSION = YES;
				CLANG_WARN_CONSTANT_CONVERSION = YES;
				CLANG_WARN_DIRECT_OBJC_ISA_USAGE = YES_ERROR;
				CLANG_WARN_EMPTY_BODY = YES;
				CLANG_WARN_ENUM_CONVERSION = YES;
				CLANG_WARN_INT_CONVERSION = YES;
				CLANG_WARN_OBJC_ROOT_CLASS = YES_ERROR;
				CLANG_WARN_UNREACHABLE_CODE = YES;
				CLANG_WARN__DUPLICATE_METHOD_MATCH = YES;
				"CODE_SIGN_IDENTITY[sdk=iphoneos*]" = "iPhone Developer";
				COPY_PHASE_STRIP = NO;
				DEBUG_INFORMATION_FORMAT = "dwarf-with-dsym";
				ENABLE_NS_ASSERTIONS = NO;
				ENABLE_STRICT_OBJC_MSGSEND = YES;
				GCC_C_LANGUAGE_STANDARD = gnu99;
				GCC_NO_COMMON_BLOCKS = YES;
				GCC_WARN_64_TO_32_BIT_CONVERSION = YES;
				GCC_WARN_ABOUT_RETURN_TYPE = YES_ERROR;
				GCC_WARN_UNDECLARED_SELECTOR = YES;
				GCC_WARN_UNINITIALIZED_AUTOS = YES_AGGRESSIVE;
				GCC_WARN_UNUSED_FUNCTION = YES;
				GCC_WARN_UNUSED_VARIABLE = YES;
				IPHONEOS_DEPLOYMENT_TARGET = 8.3;
				MTL_ENABLE_DEBUG_INFO = NO;
				SDKROOT = iphoneos;
				VALIDATE_PRODUCT = YES;
			};
			name = Release;
		};
		507898601B5B76B4000A120E /* Debug */ = {
			isa = XCBuildConfiguration;
			buildSettings = {
				ASSETCATALOG_COMPILER_APPICON_NAME = AppIcon;
				INFOPLIST_FILE = CustomWidget/Info.plist;
				LD_RUNPATH_SEARCH_PATHS = "$(inherited) @executable_path/Frameworks";
				PRODUCT_NAME = "$(TARGET_NAME)";
			};
			name = Debug;
		};
		507898611B5B76B4000A120E /* Release */ = {
			isa = XCBuildConfiguration;
			buildSettings = {
				ASSETCATALOG_COMPILER_APPICON_NAME = AppIcon;
				INFOPLIST_FILE = CustomWidget/Info.plist;
				LD_RUNPATH_SEARCH_PATHS = "$(inherited) @executable_path/Frameworks";
				PRODUCT_NAME = "$(TARGET_NAME)";
			};
			name = Release;
		};
		507898631B5B76B4000A120E /* Debug */ = {
			isa = XCBuildConfiguration;
			buildSettings = {
				BUNDLE_LOADER = "$(TEST_HOST)";
				FRAMEWORK_SEARCH_PATHS = (
					"$(SDKROOT)/Developer/Library/Frameworks",
					"$(inherited)",
				);
				GCC_PREPROCESSOR_DEFINITIONS = (
					"DEBUG=1",
					"$(inherited)",
				);
				INFOPLIST_FILE = CustomWidgetTests/Info.plist;
				LD_RUNPATH_SEARCH_PATHS = "$(inherited) @executable_path/Frameworks @loader_path/Frameworks";
				PRODUCT_NAME = "$(TARGET_NAME)";
				TEST_HOST = "$(BUILT_PRODUCTS_DIR)/CustomWidget.app/CustomWidget";
			};
			name = Debug;
		};
		507898641B5B76B4000A120E /* Release */ = {
			isa = XCBuildConfiguration;
			buildSettings = {
				BUNDLE_LOADER = "$(TEST_HOST)";
				FRAMEWORK_SEARCH_PATHS = (
					"$(SDKROOT)/Developer/Library/Frameworks",
					"$(inherited)",
				);
				INFOPLIST_FILE = CustomWidgetTests/Info.plist;
				LD_RUNPATH_SEARCH_PATHS = "$(inherited) @executable_path/Frameworks @loader_path/Frameworks";
				PRODUCT_NAME = "$(TARGET_NAME)";
				TEST_HOST = "$(BUILT_PRODUCTS_DIR)/CustomWidget.app/CustomWidget";
			};
			name = Release;
		};
/* End XCBuildConfiguration section */

/* Begin XCConfigurationList section */
		5078983B1B5B76B3000A120E /* Build configuration list for PBXProject "CustomWidget" */ = {
			isa = XCConfigurationList;
			buildConfigurations = (
				5078985D1B5B76B4000A120E /* Debug */,
				5078985E1B5B76B4000A120E /* Release */,
			);
			defaultConfigurationIsVisible = 0;
			defaultConfigurationName = Release;
		};
		5078985F1B5B76B4000A120E /* Build configuration list for PBXNativeTarget "CustomWidget" */ = {
			isa = XCConfigurationList;
			buildConfigurations = (
				507898601B5B76B4000A120E /* Debug */,
				507898611B5B76B4000A120E /* Release */,
			);
			defaultConfigurationIsVisible = 0;
		};
		507898621B5B76B4000A120E /* Build configuration list for PBXNativeTarget "CustomWidgetTests" */ = {
			isa = XCConfigurationList;
			buildConfigurations = (
				507898631B5B76B4000A120E /* Debug */,
				507898641B5B76B4000A120E /* Release */,
			);
			defaultConfigurationIsVisible = 0;
		};
/* End XCConfigurationList section */
	};
	rootObject = 507898381B5B76B3000A120E /* Project object */;
}
